
Microsoft Visual Studio Solution File, Format Version 12.00
# Visual Studio 15
VisualStudioVersion = 15.0.27130.2024
MinimumVisualStudioVersion = 10.0.40219.1
Project("{FAE04EC0-301F-11D3-BF4B-00C04F79EFBC}") = "DeltaX", "DeltaX\DeltaX.csproj", "{FAD1279D-5C55-4274-BBE9-EDE35F36D3FD}"
EndProject
Global
	GlobalSection(SolutionConfigurationPlatforms) = preSolution
		Debug|Any CPU = Debug|Any CPU
		Release|Any CPU = Release|Any CPU
	EndGlobalSection
	GlobalSection(ProjectConfigurationPlatforms) = postSolution
		{FAD1279D-5C55-4274-BBE9-EDE35F36D3FD}.Debug|Any CPU.ActiveCfg = Debug|Any CPU
		{FAD1279D-5C55-4274-BBE9-EDE35F36D3FD}.Debug|Any CPU.Build.0 = Debug|Any CPU
		{FAD1279D-5C55-4274-BBE9-EDE35F36D3FD}.Release|Any CPU.ActiveCfg = Release|Any CPU
		{FAD1279D-5C55-4274-BBE9-EDE35F36D3FD}.Release|Any CPU.Build.0 = Release|Any CPU
	EndGlobalSection
	GlobalSection(SolutionProperties) = preSolution
		HideSolutionNode = FALSE
	EndGlobalSection
	GlobalSection(ExtensibilityGlobals) = postSolution
		SolutionGuid = {23E85647-7AAD-4FBF-A0E5-2084DDA5A8AD}
	EndGlobalSection
EndGlobal
